// !$*UTF8*$!
{
	archiveVersion = 1;
	classes = {
	};
	objectVersion = 60;
	objects = {

/* Begin PBXBuildFile section */
		49A308CF2CA474DF00EA1873 /* VashFitAppApp.swift in Sources */ = {isa = PBXBuildFile; fileRef = 49A308CE2CA474DF00EA1873 /* VashFitAppApp.swift */; };
		49A308D12CA474DF00EA1873 /* HomePageView.swift in Sources */ = {isa = PBXBuildFile; fileRef = 49A308D02CA474DF00EA1873 /* HomePageView.swift */; };
		49A308D32CA474E100EA1873 /* Assets.xcassets in Resources */ = {isa = PBXBuildFile; fileRef = 49A308D22CA474E100EA1873 /* Assets.xcassets */; };
		49A308D62CA474E100EA1873 /* Preview Assets.xcassets in Resources */ = {isa = PBXBuildFile; fileRef = 49A308D52CA474E100EA1873 /* Preview Assets.xcassets */; };
		49A308F32CA47B5300EA1873 /* WelcomePageView.swift in Sources */ = {isa = PBXBuildFile; fileRef = 49A308F22CA47B5300EA1873 /* WelcomePageView.swift */; };
		49A308FE2CA47D0300EA1873 /* Kameron-Bold.ttf in Resources */ = {isa = PBXBuildFile; fileRef = 49A308F72CA47D0300EA1873 /* Kameron-Bold.ttf */; };
		49A308FF2CA47D0300EA1873 /* Kameron-Medium.ttf in Resources */ = {isa = PBXBuildFile; fileRef = 49A308F82CA47D0300EA1873 /* Kameron-Medium.ttf */; };
		49A309002CA47D0300EA1873 /* Kameron-Regular.ttf in Resources */ = {isa = PBXBuildFile; fileRef = 49A308F92CA47D0300EA1873 /* Kameron-Regular.ttf */; };
		49A309012CA47D0300EA1873 /* Kameron-SemiBold.ttf in Resources */ = {isa = PBXBuildFile; fileRef = 49A308FA2CA47D0300EA1873 /* Kameron-SemiBold.ttf */; };
		49A309022CA47D0300EA1873 /* OFL.txt in Resources */ = {isa = PBXBuildFile; fileRef = 49A308FB2CA47D0300EA1873 /* OFL.txt */; };
		49A309032CA47D0300EA1873 /* README.txt in Resources */ = {isa = PBXBuildFile; fileRef = 49A308FC2CA47D0300EA1873 /* README.txt */; };
		49A309042CA47D0300EA1873 /* Kameron-VariableFont_wght.ttf in Resources */ = {isa = PBXBuildFile; fileRef = 49A308FD2CA47D0300EA1873 /* Kameron-VariableFont_wght.ttf */; };
		49A309082CA4846200EA1873 /* ButtonStyleView.swift in Sources */ = {isa = PBXBuildFile; fileRef = 49A309072CA4846200EA1873 /* ButtonStyleView.swift */; };
		49A3090A2CA4885F00EA1873 /* GenderSelectView.swift in Sources */ = {isa = PBXBuildFile; fileRef = 49A309092CA4885F00EA1873 /* GenderSelectView.swift */; };
		49A3090C2CA48C0800EA1873 /* AgeSelectView.swift in Sources */ = {isa = PBXBuildFile; fileRef = 49A3090B2CA48C0800EA1873 /* AgeSelectView.swift */; };
		49A3090E2CA48D1800EA1873 /* CustomPickerView.swift in Sources */ = {isa = PBXBuildFile; fileRef = 49A3090D2CA48D1800EA1873 /* CustomPickerView.swift */; };
		49A309102CA5C15B00EA1873 /* WightSelectVIew.swift in Sources */ = {isa = PBXBuildFile; fileRef = 49A3090F2CA5C15B00EA1873 /* WightSelectVIew.swift */; };
		49A309122CA5DA7300EA1873 /* HeightSelectView.swift in Sources */ = {isa = PBXBuildFile; fileRef = 49A309112CA5DA7300EA1873 /* HeightSelectView.swift */; };
		49A309182CA61F5D00EA1873 /* BodyTypeSelectView.swift in Sources */ = {isa = PBXBuildFile; fileRef = 49A309172CA61F5D00EA1873 /* BodyTypeSelectView.swift */; };
		49A3091A2CA622EB00EA1873 /* BodyTypeModel.swift in Sources */ = {isa = PBXBuildFile; fileRef = 49A309192CA622EB00EA1873 /* BodyTypeModel.swift */; };
		49A3091C2CA9A96D00EA1873 /* MainGoalSelectView.swift in Sources */ = {isa = PBXBuildFile; fileRef = 49A3091B2CA9A96D00EA1873 /* MainGoalSelectView.swift */; };
		49A3091E2CAAF3CA00EA1873 /* ActivitiesSelectView.swift in Sources */ = {isa = PBXBuildFile; fileRef = 49A3091D2CAAF3CA00EA1873 /* ActivitiesSelectView.swift */; };
		49A309202CAB0C9900EA1873 /* WaterDrinkSelectView.swift in Sources */ = {isa = PBXBuildFile; fileRef = 49A3091F2CAB0C9900EA1873 /* WaterDrinkSelectView.swift */; };
		49EFED0D2CAB4F9100A2BBD3 /* LoginView.swift in Sources */ = {isa = PBXBuildFile; fileRef = 49EFED0C2CAB4F9100A2BBD3 /* LoginView.swift */; };
		49EFED0F2CAB53AD00A2BBD3 /* TestingVIew.swift in Sources */ = {isa = PBXBuildFile; fileRef = 49EFED0E2CAB53AD00A2BBD3 /* TestingVIew.swift */; };
		49EFED112CAB58B700A2BBD3 /* RegisterView.swift in Sources */ = {isa = PBXBuildFile; fileRef = 49EFED102CAB58B700A2BBD3 /* RegisterView.swift */; };
		49EFED132CAB59EF00A2BBD3 /* MetricsAllSetView.swift in Sources */ = {isa = PBXBuildFile; fileRef = 49EFED122CAB59EF00A2BBD3 /* MetricsAllSetView.swift */; };
		49EFED152CAC9EDF00A2BBD3 /* WaterDrinkSelectModel.swift in Sources */ = {isa = PBXBuildFile; fileRef = 49EFED142CAC9EDF00A2BBD3 /* WaterDrinkSelectModel.swift */; };
		49EFED1A2CADAB2700A2BBD3 /* HeaderView.swift in Sources */ = {isa = PBXBuildFile; fileRef = 49EFED192CADAB2700A2BBD3 /* HeaderView.swift */; };
		49EFED1D2CADAC8A00A2BBD3 /* PhotoPickerModel.swift in Sources */ = {isa = PBXBuildFile; fileRef = 49EFED1C2CADAC8A00A2BBD3 /* PhotoPickerModel.swift */; };
		49EFED362CADB08C00A2BBD3 /* Montserrat-VariableFont_wght.ttf in Resources */ = {isa = PBXBuildFile; fileRef = 49EFED1F2CADB08C00A2BBD3 /* Montserrat-VariableFont_wght.ttf */; };
		49EFED382CADB08C00A2BBD3 /* Montserrat-LightItalic.ttf in Resources */ = {isa = PBXBuildFile; fileRef = 49EFED222CADB08C00A2BBD3 /* Montserrat-LightItalic.ttf */; };
		49EFED392CADB08C00A2BBD3 /* Montserrat-Medium.ttf in Resources */ = {isa = PBXBuildFile; fileRef = 49EFED232CADB08C00A2BBD3 /* Montserrat-Medium.ttf */; };
		49EFED3A2CADB08C00A2BBD3 /* Montserrat-BoldItalic.ttf in Resources */ = {isa = PBXBuildFile; fileRef = 49EFED242CADB08C00A2BBD3 /* Montserrat-BoldItalic.ttf */; };
		49EFED3B2CADB08C00A2BBD3 /* Montserrat-Light.ttf in Resources */ = {isa = PBXBuildFile; fileRef = 49EFED252CADB08C00A2BBD3 /* Montserrat-Light.ttf */; };
		49EFED3C2CADB08C00A2BBD3 /* Montserrat-ThinItalic.ttf in Resources */ = {isa = PBXBuildFile; fileRef = 49EFED262CADB08C00A2BBD3 /* Montserrat-ThinItalic.ttf */; };
		49EFED3D2CADB08C00A2BBD3 /* Montserrat-ExtraLight.ttf in Resources */ = {isa = PBXBuildFile; fileRef = 49EFED272CADB08C00A2BBD3 /* Montserrat-ExtraLight.ttf */; };
		49EFED3E2CADB08C00A2BBD3 /* Montserrat-Thin.ttf in Resources */ = {isa = PBXBuildFile; fileRef = 49EFED282CADB08C00A2BBD3 /* Montserrat-Thin.ttf */; };
		49EFED3F2CADB08C00A2BBD3 /* Montserrat-Bold.ttf in Resources */ = {isa = PBXBuildFile; fileRef = 49EFED292CADB08C00A2BBD3 /* Montserrat-Bold.ttf */; };
		49EFED402CADB08C00A2BBD3 /* Montserrat-MediumItalic.ttf in Resources */ = {isa = PBXBuildFile; fileRef = 49EFED2A2CADB08C00A2BBD3 /* Montserrat-MediumItalic.ttf */; };
		49EFED412CADB08C00A2BBD3 /* Montserrat-BlackItalic.ttf in Resources */ = {isa = PBXBuildFile; fileRef = 49EFED2B2CADB08C00A2BBD3 /* Montserrat-BlackItalic.ttf */; };
		49EFED422CADB08C00A2BBD3 /* Montserrat-SemiBold.ttf in Resources */ = {isa = PBXBuildFile; fileRef = 49EFED2C2CADB08C00A2BBD3 /* Montserrat-SemiBold.ttf */; };
		49EFED432CADB08C00A2BBD3 /* Montserrat-ExtraLightItalic.ttf in Resources */ = {isa = PBXBuildFile; fileRef = 49EFED2D2CADB08C00A2BBD3 /* Montserrat-ExtraLightItalic.ttf */; };
		49EFED442CADB08C00A2BBD3 /* Montserrat-ExtraBold.ttf in Resources */ = {isa = PBXBuildFile; fileRef = 49EFED2E2CADB08C00A2BBD3 /* Montserrat-ExtraBold.ttf */; };
		49EFED452CADB08C00A2BBD3 /* Montserrat-Black.ttf in Resources */ = {isa = PBXBuildFile; fileRef = 49EFED2F2CADB08C00A2BBD3 /* Montserrat-Black.ttf */; };
		49EFED462CADB08C00A2BBD3 /* Montserrat-Regular.ttf in Resources */ = {isa = PBXBuildFile; fileRef = 49EFED302CADB08C00A2BBD3 /* Montserrat-Regular.ttf */; };
		49EFED472CADB08C00A2BBD3 /* Montserrat-Italic.ttf in Resources */ = {isa = PBXBuildFile; fileRef = 49EFED312CADB08C00A2BBD3 /* Montserrat-Italic.ttf */; };
		49EFED482CADB08C00A2BBD3 /* Montserrat-SemiBoldItalic.ttf in Resources */ = {isa = PBXBuildFile; fileRef = 49EFED322CADB08C00A2BBD3 /* Montserrat-SemiBoldItalic.ttf */; };
		49EFED492CADB08C00A2BBD3 /* Montserrat-ExtraBoldItalic.ttf in Resources */ = {isa = PBXBuildFile; fileRef = 49EFED332CADB08C00A2BBD3 /* Montserrat-ExtraBoldItalic.ttf */; };
		49EFED4A2CADB08C00A2BBD3 /* OFLl.txt in Resources */ = {isa = PBXBuildFile; fileRef = 49EFED342CADB08C00A2BBD3 /* OFLl.txt */; };
		49EFED4B2CADB08C00A2BBD3 /* READMEe.txt in Resources */ = {isa = PBXBuildFile; fileRef = 49EFED352CADB08C00A2BBD3 /* READMEe.txt */; };
		49EFED4F2CADB47100A2BBD3 /* DateShowViewModel.swift in Sources */ = {isa = PBXBuildFile; fileRef = 49EFED4E2CADB47100A2BBD3 /* DateShowViewModel.swift */; };
		49EFED512CADB76E00A2BBD3 /* CaloriesIndexView.swift in Sources */ = {isa = PBXBuildFile; fileRef = 49EFED502CADB76E00A2BBD3 /* CaloriesIndexView.swift */; };
		49EFED532CADB92D00A2BBD3 /* OtherIndexesView.swift in Sources */ = {isa = PBXBuildFile; fileRef = 49EFED522CADB92C00A2BBD3 /* OtherIndexesView.swift */; };
		49EFED5E2CB136C900A2BBD3 /* UserParametersModel.swift in Sources */ = {isa = PBXBuildFile; fileRef = 49EFED5D2CB136C900A2BBD3 /* UserParametersModel.swift */; };
		49EFED602CB137F400A2BBD3 /* UserDataStorageModel.swift in Sources */ = {isa = PBXBuildFile; fileRef = 49EFED5F2CB137F400A2BBD3 /* UserDataStorageModel.swift */; };
		49EFED622CB138FD00A2BBD3 /* UserCalculationsModel.swift in Sources */ = {isa = PBXBuildFile; fileRef = 49EFED612CB138FD00A2BBD3 /* UserCalculationsModel.swift */; };
		49EFED642CB13CC500A2BBD3 /* GetUserDataViewModel.swift in Sources */ = {isa = PBXBuildFile; fileRef = 49EFED632CB13CC500A2BBD3 /* GetUserDataViewModel.swift */; };
/* End PBXBuildFile section */

/* Begin PBXFileReference section */
		49A308CB2CA474DF00EA1873 /* VashFitApp.app */ = {isa = PBXFileReference; explicitFileType = wrapper.application; includeInIndex = 0; path = VashFitApp.app; sourceTree = BUILT_PRODUCTS_DIR; };
		49A308CE2CA474DF00EA1873 /* VashFitAppApp.swift */ = {isa = PBXFileReference; lastKnownFileType = sourcecode.swift; path = VashFitAppApp.swift; sourceTree = "<group>"; };
		49A308D02CA474DF00EA1873 /* HomePageView.swift */ = {isa = PBXFileReference; lastKnownFileType = sourcecode.swift; path = HomePageView.swift; sourceTree = "<group>"; };
		49A308D22CA474E100EA1873 /* Assets.xcassets */ = {isa = PBXFileReference; lastKnownFileType = folder.assetcatalog; path = Assets.xcassets; sourceTree = "<group>"; };
		49A308D52CA474E100EA1873 /* Preview Assets.xcassets */ = {isa = PBXFileReference; lastKnownFileType = folder.assetcatalog; path = "Preview Assets.xcassets"; sourceTree = "<group>"; };
		49A308F22CA47B5300EA1873 /* WelcomePageView.swift */ = {isa = PBXFileReference; lastKnownFileType = sourcecode.swift; path = WelcomePageView.swift; sourceTree = "<group>"; };
		49A308F72CA47D0300EA1873 /* Kameron-Bold.ttf */ = {isa = PBXFileReference; lastKnownFileType = file; path = "Kameron-Bold.ttf"; sourceTree = "<group>"; };
		49A308F82CA47D0300EA1873 /* Kameron-Medium.ttf */ = {isa = PBXFileReference; lastKnownFileType = file; path = "Kameron-Medium.ttf"; sourceTree = "<group>"; };
		49A308F92CA47D0300EA1873 /* Kameron-Regular.ttf */ = {isa = PBXFileReference; lastKnownFileType = file; path = "Kameron-Regular.ttf"; sourceTree = "<group>"; };
		49A308FA2CA47D0300EA1873 /* Kameron-SemiBold.ttf */ = {isa = PBXFileReference; lastKnownFileType = file; path = "Kameron-SemiBold.ttf"; sourceTree = "<group>"; };
		49A308FB2CA47D0300EA1873 /* OFL.txt */ = {isa = PBXFileReference; fileEncoding = 4; lastKnownFileType = text; path = OFL.txt; sourceTree = "<group>"; };
		49A308FC2CA47D0300EA1873 /* README.txt */ = {isa = PBXFileReference; fileEncoding = 4; lastKnownFileType = text; path = README.txt; sourceTree = "<group>"; };
		49A308FD2CA47D0300EA1873 /* Kameron-VariableFont_wght.ttf */ = {isa = PBXFileReference; lastKnownFileType = file; path = "Kameron-VariableFont_wght.ttf"; sourceTree = "<group>"; };
		49A309052CA47FAC00EA1873 /* Info.plist */ = {isa = PBXFileReference; lastKnownFileType = text.plist; path = Info.plist; sourceTree = "<group>"; };
		49A309072CA4846200EA1873 /* ButtonStyleView.swift */ = {isa = PBXFileReference; lastKnownFileType = sourcecode.swift; path = ButtonStyleView.swift; sourceTree = "<group>"; };
		49A309092CA4885F00EA1873 /* GenderSelectView.swift */ = {isa = PBXFileReference; lastKnownFileType = sourcecode.swift; path = GenderSelectView.swift; sourceTree = "<group>"; };
		49A3090B2CA48C0800EA1873 /* AgeSelectView.swift */ = {isa = PBXFileReference; lastKnownFileType = sourcecode.swift; path = AgeSelectView.swift; sourceTree = "<group>"; };
		49A3090D2CA48D1800EA1873 /* CustomPickerView.swift */ = {isa = PBXFileReference; lastKnownFileType = sourcecode.swift; path = CustomPickerView.swift; sourceTree = "<group>"; };
		49A3090F2CA5C15B00EA1873 /* WightSelectVIew.swift */ = {isa = PBXFileReference; lastKnownFileType = sourcecode.swift; path = WightSelectVIew.swift; sourceTree = "<group>"; };
		49A309112CA5DA7300EA1873 /* HeightSelectView.swift */ = {isa = PBXFileReference; lastKnownFileType = sourcecode.swift; path = HeightSelectView.swift; sourceTree = "<group>"; };
		49A309172CA61F5D00EA1873 /* BodyTypeSelectView.swift */ = {isa = PBXFileReference; lastKnownFileType = sourcecode.swift; path = BodyTypeSelectView.swift; sourceTree = "<group>"; };
		49A309192CA622EB00EA1873 /* BodyTypeModel.swift */ = {isa = PBXFileReference; lastKnownFileType = sourcecode.swift; path = BodyTypeModel.swift; sourceTree = "<group>"; };
		49A3091B2CA9A96D00EA1873 /* MainGoalSelectView.swift */ = {isa = PBXFileReference; lastKnownFileType = sourcecode.swift; path = MainGoalSelectView.swift; sourceTree = "<group>"; };
		49A3091D2CAAF3CA00EA1873 /* ActivitiesSelectView.swift */ = {isa = PBXFileReference; lastKnownFileType = sourcecode.swift; path = ActivitiesSelectView.swift; sourceTree = "<group>"; };
		49A3091F2CAB0C9900EA1873 /* WaterDrinkSelectView.swift */ = {isa = PBXFileReference; lastKnownFileType = sourcecode.swift; path = WaterDrinkSelectView.swift; sourceTree = "<group>"; };
		49EFED0C2CAB4F9100A2BBD3 /* LoginView.swift */ = {isa = PBXFileReference; lastKnownFileType = sourcecode.swift; path = LoginView.swift; sourceTree = "<group>"; };
		49EFED0E2CAB53AD00A2BBD3 /* TestingVIew.swift */ = {isa = PBXFileReference; lastKnownFileType = sourcecode.swift; path = TestingVIew.swift; sourceTree = "<group>"; };
		49EFED102CAB58B700A2BBD3 /* RegisterView.swift */ = {isa = PBXFileReference; lastKnownFileType = sourcecode.swift; path = RegisterView.swift; sourceTree = "<group>"; };
		49EFED122CAB59EF00A2BBD3 /* MetricsAllSetView.swift */ = {isa = PBXFileReference; lastKnownFileType = sourcecode.swift; path = MetricsAllSetView.swift; sourceTree = "<group>"; };
		49EFED142CAC9EDF00A2BBD3 /* WaterDrinkSelectModel.swift */ = {isa = PBXFileReference; lastKnownFileType = sourcecode.swift; path = WaterDrinkSelectModel.swift; sourceTree = "<group>"; };
		49EFED192CADAB2700A2BBD3 /* HeaderView.swift */ = {isa = PBXFileReference; lastKnownFileType = sourcecode.swift; path = HeaderView.swift; sourceTree = "<group>"; };
		49EFED1C2CADAC8A00A2BBD3 /* PhotoPickerModel.swift */ = {isa = PBXFileReference; lastKnownFileType = sourcecode.swift; path = PhotoPickerModel.swift; sourceTree = "<group>"; };
		49EFED1F2CADB08C00A2BBD3 /* Montserrat-VariableFont_wght.ttf */ = {isa = PBXFileReference; lastKnownFileType = file; path = "Montserrat-VariableFont_wght.ttf"; sourceTree = "<group>"; };
		49EFED222CADB08C00A2BBD3 /* Montserrat-LightItalic.ttf */ = {isa = PBXFileReference; lastKnownFileType = file; path = "Montserrat-LightItalic.ttf"; sourceTree = "<group>"; };
		49EFED232CADB08C00A2BBD3 /* Montserrat-Medium.ttf */ = {isa = PBXFileReference; lastKnownFileType = file; path = "Montserrat-Medium.ttf"; sourceTree = "<group>"; };
		49EFED242CADB08C00A2BBD3 /* Montserrat-BoldItalic.ttf */ = {isa = PBXFileReference; lastKnownFileType = file; path = "Montserrat-BoldItalic.ttf"; sourceTree = "<group>"; };
		49EFED252CADB08C00A2BBD3 /* Montserrat-Light.ttf */ = {isa = PBXFileReference; lastKnownFileType = file; path = "Montserrat-Light.ttf"; sourceTree = "<group>"; };
		49EFED262CADB08C00A2BBD3 /* Montserrat-ThinItalic.ttf */ = {isa = PBXFileReference; lastKnownFileType = file; path = "Montserrat-ThinItalic.ttf"; sourceTree = "<group>"; };
		49EFED272CADB08C00A2BBD3 /* Montserrat-ExtraLight.ttf */ = {isa = PBXFileReference; lastKnownFileType = file; path = "Montserrat-ExtraLight.ttf"; sourceTree = "<group>"; };
		49EFED282CADB08C00A2BBD3 /* Montserrat-Thin.ttf */ = {isa = PBXFileReference; lastKnownFileType = file; path = "Montserrat-Thin.ttf"; sourceTree = "<group>"; };
		49EFED292CADB08C00A2BBD3 /* Montserrat-Bold.ttf */ = {isa = PBXFileReference; lastKnownFileType = file; path = "Montserrat-Bold.ttf"; sourceTree = "<group>"; };
		49EFED2A2CADB08C00A2BBD3 /* Montserrat-MediumItalic.ttf */ = {isa = PBXFileReference; lastKnownFileType = file; path = "Montserrat-MediumItalic.ttf"; sourceTree = "<group>"; };
		49EFED2B2CADB08C00A2BBD3 /* Montserrat-BlackItalic.ttf */ = {isa = PBXFileReference; lastKnownFileType = file; path = "Montserrat-BlackItalic.ttf"; sourceTree = "<group>"; };
		49EFED2C2CADB08C00A2BBD3 /* Montserrat-SemiBold.ttf */ = {isa = PBXFileReference; lastKnownFileType = file; path = "Montserrat-SemiBold.ttf"; sourceTree = "<group>"; };
		49EFED2D2CADB08C00A2BBD3 /* Montserrat-ExtraLightItalic.ttf */ = {isa = PBXFileReference; lastKnownFileType = file; path = "Montserrat-ExtraLightItalic.ttf"; sourceTree = "<group>"; };
		49EFED2E2CADB08C00A2BBD3 /* Montserrat-ExtraBold.ttf */ = {isa = PBXFileReference; lastKnownFileType = file; path = "Montserrat-ExtraBold.ttf"; sourceTree = "<group>"; };
		49EFED2F2CADB08C00A2BBD3 /* Montserrat-Black.ttf */ = {isa = PBXFileReference; lastKnownFileType = file; path = "Montserrat-Black.ttf"; sourceTree = "<group>"; };
		49EFED302CADB08C00A2BBD3 /* Montserrat-Regular.ttf */ = {isa = PBXFileReference; lastKnownFileType = file; path = "Montserrat-Regular.ttf"; sourceTree = "<group>"; };
		49EFED312CADB08C00A2BBD3 /* Montserrat-Italic.ttf */ = {isa = PBXFileReference; lastKnownFileType = file; path = "Montserrat-Italic.ttf"; sourceTree = "<group>"; };
		49EFED322CADB08C00A2BBD3 /* Montserrat-SemiBoldItalic.ttf */ = {isa = PBXFileReference; lastKnownFileType = file; path = "Montserrat-SemiBoldItalic.ttf"; sourceTree = "<group>"; };
		49EFED332CADB08C00A2BBD3 /* Montserrat-ExtraBoldItalic.ttf */ = {isa = PBXFileReference; lastKnownFileType = file; path = "Montserrat-ExtraBoldItalic.ttf"; sourceTree = "<group>"; };
		49EFED342CADB08C00A2BBD3 /* OFLl.txt */ = {isa = PBXFileReference; fileEncoding = 4; lastKnownFileType = text; path = OFLl.txt; sourceTree = "<group>"; };
		49EFED352CADB08C00A2BBD3 /* READMEe.txt */ = {isa = PBXFileReference; fileEncoding = 4; lastKnownFileType = text; path = READMEe.txt; sourceTree = "<group>"; };
		49EFED4C2CADB14700A2BBD3 /* Montserrat-Italic-VariableFont_wght.ttf */ = {isa = PBXFileReference; lastKnownFileType = file; path = "Montserrat-Italic-VariableFont_wght.ttf"; sourceTree = "<group>"; };
		49EFED4E2CADB47100A2BBD3 /* DateShowViewModel.swift */ = {isa = PBXFileReference; lastKnownFileType = sourcecode.swift; path = DateShowViewModel.swift; sourceTree = "<group>"; };
		49EFED502CADB76E00A2BBD3 /* CaloriesIndexView.swift */ = {isa = PBXFileReference; lastKnownFileType = sourcecode.swift; path = CaloriesIndexView.swift; sourceTree = "<group>"; };
		49EFED522CADB92C00A2BBD3 /* OtherIndexesView.swift */ = {isa = PBXFileReference; lastKnownFileType = sourcecode.swift; path = OtherIndexesView.swift; sourceTree = "<group>"; };
		49EFED5D2CB136C900A2BBD3 /* UserParametersModel.swift */ = {isa = PBXFileReference; lastKnownFileType = sourcecode.swift; path = UserParametersModel.swift; sourceTree = "<group>"; };
		49EFED5F2CB137F400A2BBD3 /* UserDataStorageModel.swift */ = {isa = PBXFileReference; lastKnownFileType = sourcecode.swift; path = UserDataStorageModel.swift; sourceTree = "<group>"; };
		49EFED612CB138FD00A2BBD3 /* UserCalculationsModel.swift */ = {isa = PBXFileReference; lastKnownFileType = sourcecode.swift; path = UserCalculationsModel.swift; sourceTree = "<group>"; };
		49EFED632CB13CC500A2BBD3 /* GetUserDataViewModel.swift */ = {isa = PBXFileReference; lastKnownFileType = sourcecode.swift; path = GetUserDataViewModel.swift; sourceTree = "<group>"; };
/* End PBXFileReference section */

/* Begin PBXFrameworksBuildPhase section */
		49A308C82CA474DF00EA1873 /* Frameworks */ = {
			isa = PBXFrameworksBuildPhase;
			buildActionMask = 2147483647;
			files = (
			);
			runOnlyForDeploymentPostprocessing = 0;
		};
/* End PBXFrameworksBuildPhase section */

/* Begin PBXGroup section */
		49A308C22CA474DF00EA1873 = {
			isa = PBXGroup;
			children = (
				49A308CD2CA474DF00EA1873 /* VashFitApp */,
				49A308CC2CA474DF00EA1873 /* Products */,
			);
			sourceTree = "<group>";
		};
		49A308CC2CA474DF00EA1873 /* Products */ = {
			isa = PBXGroup;
			children = (
				49A308CB2CA474DF00EA1873 /* VashFitApp.app */,
			);
			name = Products;
			sourceTree = "<group>";
		};
		49A308CD2CA474DF00EA1873 /* VashFitApp */ = {
			isa = PBXGroup;
			children = (
				49A309052CA47FAC00EA1873 /* Info.plist */,
				49A308F42CA47CE900EA1873 /* Fonts */,
				49A308DD2CA474F500EA1873 /* App */,
				49A308DC2CA474EC00EA1873 /* Core */,
				49A308D22CA474E100EA1873 /* Assets.xcassets */,
				49A308DE2CA474FB00EA1873 /* Networking */,
				49A308D42CA474E100EA1873 /* Preview Content */,
			);
			path = VashFitApp;
			sourceTree = "<group>";
		};
		49A308D42CA474E100EA1873 /* Preview Content */ = {
			isa = PBXGroup;
			children = (
				49A308D52CA474E100EA1873 /* Preview Assets.xcassets */,
			);
			path = "Preview Content";
			sourceTree = "<group>";
		};
		49A308DC2CA474EC00EA1873 /* Core */ = {
			isa = PBXGroup;
			children = (
				49EFED4D2CADB45E00A2BBD3 /* Date */,
				49EFED0B2CAB4F7500A2BBD3 /* LoginAndRegister */,
				49A309062CA4845300EA1873 /* ButtonStyle */,
				49A308EF2CA4778100EA1873 /* GetStartedPages */,
				49A308EE2CA4777400EA1873 /* GetMetricsPages */,
				49A308ED2CA4776600EA1873 /* UserSettingsPage */,
				49A308EC2CA4775800EA1873 /* GuidesPage */,
				49A308EB2CA4774F00EA1873 /* ChartsPage */,
				49A308E72CA4770900EA1873 /* HomePage */,
			);
			path = Core;
			sourceTree = "<group>";
		};
		49A308DD2CA474F500EA1873 /* App */ = {
			isa = PBXGroup;
			children = (
				49A308CE2CA474DF00EA1873 /* VashFitAppApp.swift */,
			);
			path = App;
			sourceTree = "<group>";
		};
		49A308DE2CA474FB00EA1873 /* Networking */ = {
			isa = PBXGroup;
			children = (
			);
			path = Networking;
			sourceTree = "<group>";
		};
		49A308E72CA4770900EA1873 /* HomePage */ = {
			isa = PBXGroup;
			children = (
				49EFED5C2CB136A700A2BBD3 /* Models */,
				49A308E92CA4771A00EA1873 /* ViewModels */,
				49A308E82CA4771200EA1873 /* Views */,
			);
			path = HomePage;
			sourceTree = "<group>";
		};
		49A308E82CA4771200EA1873 /* Views */ = {
			isa = PBXGroup;
			children = (
				49A308D02CA474DF00EA1873 /* HomePageView.swift */,
				49EFED192CADAB2700A2BBD3 /* HeaderView.swift */,
				49EFED502CADB76E00A2BBD3 /* CaloriesIndexView.swift */,
				49EFED522CADB92C00A2BBD3 /* OtherIndexesView.swift */,
			);
			path = Views;
			sourceTree = "<group>";
		};
		49A308E92CA4771A00EA1873 /* ViewModels */ = {
			isa = PBXGroup;
			children = (
				49EFED632CB13CC500A2BBD3 /* GetUserDataViewModel.swift */,
			);
			path = ViewModels;
			sourceTree = "<group>";
		};
		49A308EB2CA4774F00EA1873 /* ChartsPage */ = {
			isa = PBXGroup;
			children = (
			);
			path = ChartsPage;
			sourceTree = "<group>";
		};
		49A308EC2CA4775800EA1873 /* GuidesPage */ = {
			isa = PBXGroup;
			children = (
			);
			path = GuidesPage;
			sourceTree = "<group>";
		};
		49A308ED2CA4776600EA1873 /* UserSettingsPage */ = {
			isa = PBXGroup;
			children = (
				49EFED1B2CADAC7B00A2BBD3 /* PhotoPicker */,
			);
			path = UserSettingsPage;
			sourceTree = "<group>";
		};
		49A308EE2CA4777400EA1873 /* GetMetricsPages */ = {
			isa = PBXGroup;
			children = (
				49A3090D2CA48D1800EA1873 /* CustomPickerView.swift */,
				49A309092CA4885F00EA1873 /* GenderSelectView.swift */,
				49A3090B2CA48C0800EA1873 /* AgeSelectView.swift */,
				49A3090F2CA5C15B00EA1873 /* WightSelectVIew.swift */,
				49A309112CA5DA7300EA1873 /* HeightSelectView.swift */,
				49A309172CA61F5D00EA1873 /* BodyTypeSelectView.swift */,
				49A309192CA622EB00EA1873 /* BodyTypeModel.swift */,
				49A3091B2CA9A96D00EA1873 /* MainGoalSelectView.swift */,
				49A3091D2CAAF3CA00EA1873 /* ActivitiesSelectView.swift */,
				49A3091F2CAB0C9900EA1873 /* WaterDrinkSelectView.swift */,
				49EFED142CAC9EDF00A2BBD3 /* WaterDrinkSelectModel.swift */,
				49EFED122CAB59EF00A2BBD3 /* MetricsAllSetView.swift */,
			);
			path = GetMetricsPages;
			sourceTree = "<group>";
		};
		49A308EF2CA4778100EA1873 /* GetStartedPages */ = {
			isa = PBXGroup;
			children = (
				49A308F12CA47B4500EA1873 /* WelcomePage */,
			);
			path = GetStartedPages;
			sourceTree = "<group>";
		};
		49A308F12CA47B4500EA1873 /* WelcomePage */ = {
			isa = PBXGroup;
			children = (
				49A308F22CA47B5300EA1873 /* WelcomePageView.swift */,
			);
			path = WelcomePage;
			sourceTree = "<group>";
		};
		49A308F42CA47CE900EA1873 /* Fonts */ = {
			isa = PBXGroup;
			children = (
				49EFED1E2CADB08C00A2BBD3 /* Montserrat */,
				49A308F52CA47D0300EA1873 /* Kameron */,
			);
			path = Fonts;
			sourceTree = "<group>";
		};
		49A308F52CA47D0300EA1873 /* Kameron */ = {
			isa = PBXGroup;
			children = (
				49A308F62CA47D0300EA1873 /* static */,
				49A308FB2CA47D0300EA1873 /* OFL.txt */,
				49A308FC2CA47D0300EA1873 /* README.txt */,
				49A308FD2CA47D0300EA1873 /* Kameron-VariableFont_wght.ttf */,
			);
			path = Kameron;
			sourceTree = "<group>";
		};
		49A308F62CA47D0300EA1873 /* static */ = {
			isa = PBXGroup;
			children = (
				49A308F72CA47D0300EA1873 /* Kameron-Bold.ttf */,
				49A308F82CA47D0300EA1873 /* Kameron-Medium.ttf */,
				49A308F92CA47D0300EA1873 /* Kameron-Regular.ttf */,
				49A308FA2CA47D0300EA1873 /* Kameron-SemiBold.ttf */,
			);
			path = static;
			sourceTree = "<group>";
		};
		49A309062CA4845300EA1873 /* ButtonStyle */ = {
			isa = PBXGroup;
			children = (
				49A309072CA4846200EA1873 /* ButtonStyleView.swift */,
			);
			path = ButtonStyle;
			sourceTree = "<group>";
		};
		49EFED0B2CAB4F7500A2BBD3 /* LoginAndRegister */ = {
			isa = PBXGroup;
			children = (
				49EFED0E2CAB53AD00A2BBD3 /* TestingVIew.swift */,
				49EFED0C2CAB4F9100A2BBD3 /* LoginView.swift */,
				49EFED102CAB58B700A2BBD3 /* RegisterView.swift */,
			);
			path = LoginAndRegister;
			sourceTree = "<group>";
		};
		49EFED1B2CADAC7B00A2BBD3 /* PhotoPicker */ = {
			isa = PBXGroup;
			children = (
				49EFED1C2CADAC8A00A2BBD3 /* PhotoPickerModel.swift */,
			);
			path = PhotoPicker;
			sourceTree = "<group>";
		};
		49EFED1E2CADB08C00A2BBD3 /* Montserrat */ = {
			isa = PBXGroup;
			children = (
				49EFED4C2CADB14700A2BBD3 /* Montserrat-Italic-VariableFont_wght.ttf */,
				49EFED1F2CADB08C00A2BBD3 /* Montserrat-VariableFont_wght.ttf */,
				49EFED212CADB08C00A2BBD3 /* static */,
				49EFED342CADB08C00A2BBD3 /* OFLl.txt */,
				49EFED352CADB08C00A2BBD3 /* READMEe.txt */,
			);
			path = Montserrat;
			sourceTree = "<group>";
		};
		49EFED212CADB08C00A2BBD3 /* static */ = {
			isa = PBXGroup;
			children = (
				49EFED222CADB08C00A2BBD3 /* Montserrat-LightItalic.ttf */,
				49EFED232CADB08C00A2BBD3 /* Montserrat-Medium.ttf */,
				49EFED242CADB08C00A2BBD3 /* Montserrat-BoldItalic.ttf */,
				49EFED252CADB08C00A2BBD3 /* Montserrat-Light.ttf */,
				49EFED262CADB08C00A2BBD3 /* Montserrat-ThinItalic.ttf */,
				49EFED272CADB08C00A2BBD3 /* Montserrat-ExtraLight.ttf */,
				49EFED282CADB08C00A2BBD3 /* Montserrat-Thin.ttf */,
				49EFED292CADB08C00A2BBD3 /* Montserrat-Bold.ttf */,
				49EFED2A2CADB08C00A2BBD3 /* Montserrat-MediumItalic.ttf */,
				49EFED2B2CADB08C00A2BBD3 /* Montserrat-BlackItalic.ttf */,
				49EFED2C2CADB08C00A2BBD3 /* Montserrat-SemiBold.ttf */,
				49EFED2D2CADB08C00A2BBD3 /* Montserrat-ExtraLightItalic.ttf */,
				49EFED2E2CADB08C00A2BBD3 /* Montserrat-ExtraBold.ttf */,
				49EFED2F2CADB08C00A2BBD3 /* Montserrat-Black.ttf */,
				49EFED302CADB08C00A2BBD3 /* Montserrat-Regular.ttf */,
				49EFED312CADB08C00A2BBD3 /* Montserrat-Italic.ttf */,
				49EFED322CADB08C00A2BBD3 /* Montserrat-SemiBoldItalic.ttf */,
				49EFED332CADB08C00A2BBD3 /* Montserrat-ExtraBoldItalic.ttf */,
			);
			path = static;
			sourceTree = "<group>";
		};
		49EFED4D2CADB45E00A2BBD3 /* Date */ = {
			isa = PBXGroup;
			children = (
				49EFED4E2CADB47100A2BBD3 /* DateShowViewModel.swift */,
			);
			path = Date;
			sourceTree = "<group>";
		};
		49EFED5C2CB136A700A2BBD3 /* Models */ = {
			isa = PBXGroup;
			children = (
				49EFED5D2CB136C900A2BBD3 /* UserParametersModel.swift */,
				49EFED5F2CB137F400A2BBD3 /* UserDataStorageModel.swift */,
				49EFED612CB138FD00A2BBD3 /* UserCalculationsModel.swift */,
			);
			path = Models;
			sourceTree = "<group>";
		};
/* End PBXGroup section */

/* Begin PBXNativeTarget section */
		49A308CA2CA474DF00EA1873 /* VashFitApp */ = {
			isa = PBXNativeTarget;
			buildConfigurationList = 49A308D92CA474E100EA1873 /* Build configuration list for PBXNativeTarget "VashFitApp" */;
			buildPhases = (
				49A308C72CA474DF00EA1873 /* Sources */,
				49A308C82CA474DF00EA1873 /* Frameworks */,
				49A308C92CA474DF00EA1873 /* Resources */,
			);
			buildRules = (
			);
			dependencies = (
			);
			name = VashFitApp;
			productName = VashFitApp;
			productReference = 49A308CB2CA474DF00EA1873 /* VashFitApp.app */;
			productType = "com.apple.product-type.application";
		};
/* End PBXNativeTarget section */

/* Begin PBXProject section */
		49A308C32CA474DF00EA1873 /* Project object */ = {
			isa = PBXProject;
			attributes = {
				BuildIndependentTargetsInParallel = 1;
				LastSwiftUpdateCheck = 1520;
				LastUpgradeCheck = 1520;
				TargetAttributes = {
					49A308CA2CA474DF00EA1873 = {
						CreatedOnToolsVersion = 15.2;
					};
				};
			};
			buildConfigurationList = 49A308C62CA474DF00EA1873 /* Build configuration list for PBXProject "VashFitApp" */;
			compatibilityVersion = "Xcode 15.0";
			developmentRegion = en;
			hasScannedForEncodings = 0;
			knownRegions = (
				en,
				Base,
			);
			mainGroup = 49A308C22CA474DF00EA1873;
			productRefGroup = 49A308CC2CA474DF00EA1873 /* Products */;
			projectDirPath = "";
			projectRoot = "";
			targets = (
				49A308CA2CA474DF00EA1873 /* VashFitApp */,
			);
		};
/* End PBXProject section */

/* Begin PBXResourcesBuildPhase section */
		49A308C92CA474DF00EA1873 /* Resources */ = {
			isa = PBXResourcesBuildPhase;
			buildActionMask = 2147483647;
			files = (
				49EFED4A2CADB08C00A2BBD3 /* OFLl.txt in Resources */,
				49EFED3B2CADB08C00A2BBD3 /* Montserrat-Light.ttf in Resources */,
				49EFED3D2CADB08C00A2BBD3 /* Montserrat-ExtraLight.ttf in Resources */,
				49A309022CA47D0300EA1873 /* OFL.txt in Resources */,
				49A308D62CA474E100EA1873 /* Preview Assets.xcassets in Resources */,
				49A309012CA47D0300EA1873 /* Kameron-SemiBold.ttf in Resources */,
				49EFED472CADB08C00A2BBD3 /* Montserrat-Italic.ttf in Resources */,
				49EFED462CADB08C00A2BBD3 /* Montserrat-Regular.ttf in Resources */,
				49A308FF2CA47D0300EA1873 /* Kameron-Medium.ttf in Resources */,
				49EFED362CADB08C00A2BBD3 /* Montserrat-VariableFont_wght.ttf in Resources */,
				49A308D32CA474E100EA1873 /* Assets.xcassets in Resources */,
				49EFED492CADB08C00A2BBD3 /* Montserrat-ExtraBoldItalic.ttf in Resources */,
				49A308FE2CA47D0300EA1873 /* Kameron-Bold.ttf in Resources */,
				49EFED432CADB08C00A2BBD3 /* Montserrat-ExtraLightItalic.ttf in Resources */,
				49EFED452CADB08C00A2BBD3 /* Montserrat-Black.ttf in Resources */,
				49EFED482CADB08C00A2BBD3 /* Montserrat-SemiBoldItalic.ttf in Resources */,
				49EFED402CADB08C00A2BBD3 /* Montserrat-MediumItalic.ttf in Resources */,
				49EFED3E2CADB08C00A2BBD3 /* Montserrat-Thin.ttf in Resources */,
				49EFED442CADB08C00A2BBD3 /* Montserrat-ExtraBold.ttf in Resources */,
				49EFED4B2CADB08C00A2BBD3 /* READMEe.txt in Resources */,
				49EFED422CADB08C00A2BBD3 /* Montserrat-SemiBold.ttf in Resources */,
				49EFED3A2CADB08C00A2BBD3 /* Montserrat-BoldItalic.ttf in Resources */,
				49EFED3C2CADB08C00A2BBD3 /* Montserrat-ThinItalic.ttf in Resources */,
				49EFED3F2CADB08C00A2BBD3 /* Montserrat-Bold.ttf in Resources */,
				49EFED412CADB08C00A2BBD3 /* Montserrat-BlackItalic.ttf in Resources */,
				49EFED382CADB08C00A2BBD3 /* Montserrat-LightItalic.ttf in Resources */,
				49A309032CA47D0300EA1873 /* README.txt in Resources */,
				49EFED392CADB08C00A2BBD3 /* Montserrat-Medium.ttf in Resources */,
				49A309002CA47D0300EA1873 /* Kameron-Regular.ttf in Resources */,
				49A309042CA47D0300EA1873 /* Kameron-VariableFont_wght.ttf in Resources */,
			);
			runOnlyForDeploymentPostprocessing = 0;
		};
/* End PBXResourcesBuildPhase section */

/* Begin PBXSourcesBuildPhase section */
		49A308C72CA474DF00EA1873 /* Sources */ = {
			isa = PBXSourcesBuildPhase;
			buildActionMask = 2147483647;
			files = (
				49A309182CA61F5D00EA1873 /* BodyTypeSelectView.swift in Sources */,
				49A3090C2CA48C0800EA1873 /* AgeSelectView.swift in Sources */,
				49A309082CA4846200EA1873 /* ButtonStyleView.swift in Sources */,
				49EFED1D2CADAC8A00A2BBD3 /* PhotoPickerModel.swift in Sources */,
				49EFED0D2CAB4F9100A2BBD3 /* LoginView.swift in Sources */,
				49A308D12CA474DF00EA1873 /* HomePageView.swift in Sources */,
				49EFED622CB138FD00A2BBD3 /* UserCalculationsModel.swift in Sources */,
				49EFED0F2CAB53AD00A2BBD3 /* TestingVIew.swift in Sources */,
				49A3090E2CA48D1800EA1873 /* CustomPickerView.swift in Sources */,
				49EFED152CAC9EDF00A2BBD3 /* WaterDrinkSelectModel.swift in Sources */,
				49EFED602CB137F400A2BBD3 /* UserDataStorageModel.swift in Sources */,
				49A309122CA5DA7300EA1873 /* HeightSelectView.swift in Sources */,
				49EFED512CADB76E00A2BBD3 /* CaloriesIndexView.swift in Sources */,
				49EFED112CAB58B700A2BBD3 /* RegisterView.swift in Sources */,
				49EFED642CB13CC500A2BBD3 /* GetUserDataViewModel.swift in Sources */,
				49A3091C2CA9A96D00EA1873 /* MainGoalSelectView.swift in Sources */,
				49A309202CAB0C9900EA1873 /* WaterDrinkSelectView.swift in Sources */,
				49EFED532CADB92D00A2BBD3 /* OtherIndexesView.swift in Sources */,
				49A308CF2CA474DF00EA1873 /* VashFitAppApp.swift in Sources */,
				49A3090A2CA4885F00EA1873 /* GenderSelectView.swift in Sources */,
				49EFED132CAB59EF00A2BBD3 /* MetricsAllSetView.swift in Sources */,
				49EFED1A2CADAB2700A2BBD3 /* HeaderView.swift in Sources */,
				49A309102CA5C15B00EA1873 /* WightSelectVIew.swift in Sources */,
				49A308F32CA47B5300EA1873 /* WelcomePageView.swift in Sources */,
				49A3091A2CA622EB00EA1873 /* BodyTypeModel.swift in Sources */,
				49EFED5E2CB136C900A2BBD3 /* UserParametersModel.swift in Sources */,
				49A3091E2CAAF3CA00EA1873 /* ActivitiesSelectView.swift in Sources */,
				49EFED4F2CADB47100A2BBD3 /* DateShowViewModel.swift in Sources */,
			);
			runOnlyForDeploymentPostprocessing = 0;
		};
/* End PBXSourcesBuildPhase section */

/* Begin XCBuildConfiguration section */
		49A308D72CA474E100EA1873 /* Debug */ = {
			isa = XCBuildConfiguration;
			buildSettings = {
				ALWAYS_SEARCH_USER_PATHS = NO;
				ASSETCATALOG_COMPILER_GENERATE_SWIFT_ASSET_SYMBOL_EXTENSIONS = YES;
				CLANG_ANALYZER_NONNULL = YES;
				CLANG_ANALYZER_NUMBER_OBJECT_CONVERSION = YES_AGGRESSIVE;
				CLANG_CXX_LANGUAGE_STANDARD = "gnu++20";
				CLANG_ENABLE_MODULES = YES;
				CLANG_ENABLE_OBJC_ARC = YES;
				CLANG_ENABLE_OBJC_WEAK = YES;
				CLANG_WARN_BLOCK_CAPTURE_AUTORELEASING = YES;
				CLANG_WARN_BOOL_CONVERSION = YES;
				CLANG_WARN_COMMA = YES;
				CLANG_WARN_CONSTANT_CONVERSION = YES;
				CLANG_WARN_DEPRECATED_OBJC_IMPLEMENTATIONS = YES;
				CLANG_WARN_DIRECT_OBJC_ISA_USAGE = YES_ERROR;
				CLANG_WARN_DOCUMENTATION_COMMENTS = YES;
				CLANG_WARN_EMPTY_BODY = YES;
				CLANG_WARN_ENUM_CONVERSION = YES;
				CLANG_WARN_INFINITE_RECURSION = YES;
				CLANG_WARN_INT_CONVERSION = YES;
				CLANG_WARN_NON_LITERAL_NULL_CONVERSION = YES;
				CLANG_WARN_OBJC_IMPLICIT_RETAIN_SELF = YES;
				CLANG_WARN_OBJC_LITERAL_CONVERSION = YES;
				CLANG_WARN_OBJC_ROOT_CLASS = YES_ERROR;
				CLANG_WARN_QUOTED_INCLUDE_IN_FRAMEWORK_HEADER = YES;
				CLANG_WARN_RANGE_LOOP_ANALYSIS = YES;
				CLANG_WARN_STRICT_PROTOTYPES = YES;
				CLANG_WARN_SUSPICIOUS_MOVE = YES;
				CLANG_WARN_UNGUARDED_AVAILABILITY = YES_AGGRESSIVE;
				CLANG_WARN_UNREACHABLE_CODE = YES;
				CLANG_WARN__DUPLICATE_METHOD_MATCH = YES;
				COPY_PHASE_STRIP = NO;
				DEBUG_INFORMATION_FORMAT = dwarf;
				ENABLE_STRICT_OBJC_MSGSEND = YES;
				ENABLE_TESTABILITY = YES;
				ENABLE_USER_SCRIPT_SANDBOXING = YES;
				GCC_C_LANGUAGE_STANDARD = gnu17;
				GCC_DYNAMIC_NO_PIC = NO;
				GCC_NO_COMMON_BLOCKS = YES;
				GCC_OPTIMIZATION_LEVEL = 0;
				GCC_PREPROCESSOR_DEFINITIONS = (
					"DEBUG=1",
					"$(inherited)",
				);
				GCC_WARN_64_TO_32_BIT_CONVERSION = YES;
				GCC_WARN_ABOUT_RETURN_TYPE = YES_ERROR;
				GCC_WARN_UNDECLARED_SELECTOR = YES;
				GCC_WARN_UNINITIALIZED_AUTOS = YES_AGGRESSIVE;
				GCC_WARN_UNUSED_FUNCTION = YES;
				GCC_WARN_UNUSED_VARIABLE = YES;
				IPHONEOS_DEPLOYMENT_TARGET = 17.2;
				LOCALIZATION_PREFERS_STRING_CATALOGS = YES;
				MTL_ENABLE_DEBUG_INFO = INCLUDE_SOURCE;
				MTL_FAST_MATH = YES;
				ONLY_ACTIVE_ARCH = YES;
				SDKROOT = iphoneos;
				SWIFT_ACTIVE_COMPILATION_CONDITIONS = "DEBUG $(inherited)";
				SWIFT_OPTIMIZATION_LEVEL = "-Onone";
			};
			name = Debug;
		};
		49A308D82CA474E100EA1873 /* Release */ = {
			isa = XCBuildConfiguration;
			buildSettings = {
				ALWAYS_SEARCH_USER_PATHS = NO;
				ASSETCATALOG_COMPILER_GENERATE_SWIFT_ASSET_SYMBOL_EXTENSIONS = YES;
				CLANG_ANALYZER_NONNULL = YES;
				CLANG_ANALYZER_NUMBER_OBJECT_CONVERSION = YES_AGGRESSIVE;
				CLANG_CXX_LANGUAGE_STANDARD = "gnu++20";
				CLANG_ENABLE_MODULES = YES;
				CLANG_ENABLE_OBJC_ARC = YES;
				CLANG_ENABLE_OBJC_WEAK = YES;
				CLANG_WARN_BLOCK_CAPTURE_AUTORELEASING = YES;
				CLANG_WARN_BOOL_CONVERSION = YES;
				CLANG_WARN_COMMA = YES;
				CLANG_WARN_CONSTANT_CONVERSION = YES;
				CLANG_WARN_DEPRECATED_OBJC_IMPLEMENTATIONS = YES;
				CLANG_WARN_DIRECT_OBJC_ISA_USAGE = YES_ERROR;
				CLANG_WARN_DOCUMENTATION_COMMENTS = YES;
				CLANG_WARN_EMPTY_BODY = YES;
				CLANG_WARN_ENUM_CONVERSION = YES;
				CLANG_WARN_INFINITE_RECURSION = YES;
				CLANG_WARN_INT_CONVERSION = YES;
				CLANG_WARN_NON_LITERAL_NULL_CONVERSION = YES;
				CLANG_WARN_OBJC_IMPLICIT_RETAIN_SELF = YES;
				CLANG_WARN_OBJC_LITERAL_CONVERSION = YES;
				CLANG_WARN_OBJC_ROOT_CLASS = YES_ERROR;
				CLANG_WARN_QUOTED_INCLUDE_IN_FRAMEWORK_HEADER = YES;
				CLANG_WARN_RANGE_LOOP_ANALYSIS = YES;
				CLANG_WARN_STRICT_PROTOTYPES = YES;
				CLANG_WARN_SUSPICIOUS_MOVE = YES;
				CLANG_WARN_UNGUARDED_AVAILABILITY = YES_AGGRESSIVE;
				CLANG_WARN_UNREACHABLE_CODE = YES;
				CLANG_WARN__DUPLICATE_METHOD_MATCH = YES;
				COPY_PHASE_STRIP = NO;
				DEBUG_INFORMATION_FORMAT = "dwarf-with-dsym";
				ENABLE_NS_ASSERTIONS = NO;
				ENABLE_STRICT_OBJC_MSGSEND = YES;
				ENABLE_USER_SCRIPT_SANDBOXING = YES;
				GCC_C_LANGUAGE_STANDARD = gnu17;
				GCC_NO_COMMON_BLOCKS = YES;
				GCC_WARN_64_TO_32_BIT_CONVERSION = YES;
				GCC_WARN_ABOUT_RETURN_TYPE = YES_ERROR;
				GCC_WARN_UNDECLARED_SELECTOR = YES;
				GCC_WARN_UNINITIALIZED_AUTOS = YES_AGGRESSIVE;
				GCC_WARN_UNUSED_FUNCTION = YES;
				GCC_WARN_UNUSED_VARIABLE = YES;
				IPHONEOS_DEPLOYMENT_TARGET = 17.2;
				LOCALIZATION_PREFERS_STRING_CATALOGS = YES;
				MTL_ENABLE_DEBUG_INFO = NO;
				MTL_FAST_MATH = YES;
				SDKROOT = iphoneos;
				SWIFT_COMPILATION_MODE = wholemodule;
				VALIDATE_PRODUCT = YES;
			};
			name = Release;
		};
		49A308DA2CA474E100EA1873 /* Debug */ = {
			isa = XCBuildConfiguration;
			buildSettings = {
				ASSETCATALOG_COMPILER_APPICON_NAME = AppIcon;
				ASSETCATALOG_COMPILER_GLOBAL_ACCENT_COLOR_NAME = AccentColor;
				CODE_SIGN_STYLE = Automatic;
				CURRENT_PROJECT_VERSION = 1;
				DEVELOPMENT_ASSET_PATHS = "\"VashFitApp/Preview Content\"";
				DEVELOPMENT_TEAM = JYTXN6A6WV;
				ENABLE_PREVIEWS = YES;
				GENERATE_INFOPLIST_FILE = YES;
				INFOPLIST_FILE = VashFitApp/Info.plist;
				INFOPLIST_KEY_UIApplicationSceneManifest_Generation = YES;
				INFOPLIST_KEY_UIApplicationSupportsIndirectInputEvents = YES;
				INFOPLIST_KEY_UILaunchScreen_Generation = YES;
				INFOPLIST_KEY_UISupportedInterfaceOrientations_iPad = "UIInterfaceOrientationPortrait UIInterfaceOrientationPortraitUpsideDown UIInterfaceOrientationLandscapeLeft UIInterfaceOrientationLandscapeRight";
				INFOPLIST_KEY_UISupportedInterfaceOrientations_iPhone = "UIInterfaceOrientationPortrait UIInterfaceOrientationLandscapeLeft UIInterfaceOrientationLandscapeRight";
				LD_RUNPATH_SEARCH_PATHS = (
					"$(inherited)",
					"@executable_path/Frameworks",
				);
				MARKETING_VERSION = 1.0;
				PRODUCT_BUNDLE_IDENTIFIER = AddaxDev.VashFitApp;
				PRODUCT_NAME = "$(TARGET_NAME)";
				SWIFT_EMIT_LOC_STRINGS = YES;
				SWIFT_VERSION = 5.0;
				TARGETED_DEVICE_FAMILY = "1,2";
			};
			name = Debug;
		};
		49A308DB2CA474E100EA1873 /* Release */ = {
			isa = XCBuildConfiguration;
			buildSettings = {
				ASSETCATALOG_COMPILER_APPICON_NAME = AppIcon;
				ASSETCATALOG_COMPILER_GLOBAL_ACCENT_COLOR_NAME = AccentColor;
				CODE_SIGN_STYLE = Automatic;
				CURRENT_PROJECT_VERSION = 1;
				DEVELOPMENT_ASSET_PATHS = "\"VashFitApp/Preview Content\"";
				DEVELOPMENT_TEAM = JYTXN6A6WV;
				ENABLE_PREVIEWS = YES;
				GENERATE_INFOPLIST_FILE = YES;
				INFOPLIST_FILE = VashFitApp/Info.plist;
				INFOPLIST_KEY_UIApplicationSceneManifest_Generation = YES;
				INFOPLIST_KEY_UIApplicationSupportsIndirectInputEvents = YES;
				INFOPLIST_KEY_UILaunchScreen_Generation = YES;
				INFOPLIST_KEY_UISupportedInterfaceOrientations_iPad = "UIInterfaceOrientationPortrait UIInterfaceOrientationPortraitUpsideDown UIInterfaceOrientationLandscapeLeft UIInterfaceOrientationLandscapeRight";
				INFOPLIST_KEY_UISupportedInterfaceOrientations_iPhone = "UIInterfaceOrientationPortrait UIInterfaceOrientationLandscapeLeft UIInterfaceOrientationLandscapeRight";
				LD_RUNPATH_SEARCH_PATHS = (
					"$(inherited)",
					"@executable_path/Frameworks",
				);
				MARKETING_VERSION = 1.0;
				PRODUCT_BUNDLE_IDENTIFIER = AddaxDev.VashFitApp;
				PRODUCT_NAME = "$(TARGET_NAME)";
				SWIFT_EMIT_LOC_STRINGS = YES;
				SWIFT_VERSION = 5.0;
				TARGETED_DEVICE_FAMILY = "1,2";
			};
			name = Release;
		};
/* End XCBuildConfiguration section */

/* Begin XCConfigurationList section */
		49A308C62CA474DF00EA1873 /* Build configuration list for PBXProject "VashFitApp" */ = {
			isa = XCConfigurationList;
			buildConfigurations = (
				49A308D72CA474E100EA1873 /* Debug */,
				49A308D82CA474E100EA1873 /* Release */,
			);
			defaultConfigurationIsVisible = 0;
			defaultConfigurationName = Release;
		};
		49A308D92CA474E100EA1873 /* Build configuration list for PBXNativeTarget "VashFitApp" */ = {
			isa = XCConfigurationList;
			buildConfigurations = (
				49A308DA2CA474E100EA1873 /* Debug */,
				49A308DB2CA474E100EA1873 /* Release */,
			);
			defaultConfigurationIsVisible = 0;
			defaultConfigurationName = Release;
		};
/* End XCConfigurationList section */
	};
	rootObject = 49A308C32CA474DF00EA1873 /* Project object */;
}
